
Microsoft Visual Studio Solution File, Format Version 12.00
# Visual Studio Version 17
VisualStudioVersion = 17.14.36221.1
MinimumVisualStudioVersion = 10.0.40219.1
Project("{FAE04EC0-301F-11D3-BF4B-00C04F79EFBC}") = "MiddleEarthTrader.API", "MiddleEarthTrader.API\MiddleEarthTrader.API.csproj", "{6A6F3C0B-CFCB-4FE7-B146-99EA67DC53EF}"
EndProject
Project("{FAE04EC0-301F-11D3-BF4B-00C04F79EFBC}") = "MiddleEarthTrader.Repository", "MiddleEarthTrader.Repository\MiddleEarthTrader.Repository.csproj", "{721A65FF-43AB-4CD8-8B74-22E564C04B7E}"
EndProject
Project("{FAE04EC0-301F-11D3-BF4B-00C04F79EFBC}") = "MiddleEarthTrader.Service", "MiddleEarthTrader.Service\MiddleEarthTrader.Service.csproj", "{45C4402A-979E-48CB-BC65-4529A0DDAEFF}"
EndProject
Global
	GlobalSection(SolutionConfigurationPlatforms) = preSolution
		Debug|Any CPU = Debug|Any CPU
		Release|Any CPU = Release|Any CPU
	EndGlobalSection
	GlobalSection(ProjectConfigurationPlatforms) = postSolution
		{6A6F3C0B-CFCB-4FE7-B146-99EA67DC53EF}.Debug|Any CPU.ActiveCfg = Debug|Any CPU
		{6A6F3C0B-CFCB-4FE7-B146-99EA67DC53EF}.Debug|Any CPU.Build.0 = Debug|Any CPU
		{6A6F3C0B-CFCB-4FE7-B146-99EA67DC53EF}.Release|Any CPU.ActiveCfg = Release|Any CPU
		{6A6F3C0B-CFCB-4FE7-B146-99EA67DC53EF}.Release|Any CPU.Build.0 = Release|Any CPU
		{721A65FF-43AB-4CD8-8B74-22E564C04B7E}.Debug|Any CPU.ActiveCfg = Debug|Any CPU
		{721A65FF-43AB-4CD8-8B74-22E564C04B7E}.Debug|Any CPU.Build.0 = Debug|Any CPU
		{721A65FF-43AB-4CD8-8B74-22E564C04B7E}.Release|Any CPU.ActiveCfg = Release|Any CPU
		{721A65FF-43AB-4CD8-8B74-22E564C04B7E}.Release|Any CPU.Build.0 = Release|Any CPU
		{45C4402A-979E-48CB-BC65-4529A0DDAEFF}.Debug|Any CPU.ActiveCfg = Debug|Any CPU
		{45C4402A-979E-48CB-BC65-4529A0DDAEFF}.Debug|Any CPU.Build.0 = Debug|Any CPU
		{45C4402A-979E-48CB-BC65-4529A0DDAEFF}.Release|Any CPU.ActiveCfg = Release|Any CPU
		{45C4402A-979E-48CB-BC65-4529A0DDAEFF}.Release|Any CPU.Build.0 = Release|Any CPU
	EndGlobalSection
	GlobalSection(SolutionProperties) = preSolution
		HideSolutionNode = FALSE
	EndGlobalSection
	GlobalSection(ExtensibilityGlobals) = postSolution
		SolutionGuid = {D667B885-848C-4123-A282-535137D8AA0D}
	EndGlobalSection
EndGlobal
